
Microsoft Visual Studio Solution File, Format Version 12.00
# Visual Studio 14
VisualStudioVersion = 14.0.23107.0
MinimumVisualStudioVersion = 10.0.40219.1
Project("{FAE04EC0-301F-11D3-BF4B-00C04F79EFBC}") = "BWGenerator", "BWGenerator\BWGenerator.csproj", "{31BF4457-C49C-428B-8E4B-A93958549FEB}"
EndProject
Project("{FAE04EC0-301F-11D3-BF4B-00C04F79EFBC}") = "BWSitterGenerator", "BWSitterGenerator\BWSitterGenerator.csproj", "{E7E950A4-B58D-4B86-B073-B6F760BA33D3}"
EndProject
Project("{FAE04EC0-301F-11D3-BF4B-00C04F79EFBC}") = "SharedLibrary", "SharedContent\SharedLibrary.csproj", "{697F8CD6-F2A2-4A1B-A087-916A03C383EC}"
EndProject
Project("{FAE04EC0-301F-11D3-BF4B-00C04F79EFBC}") = "Synchronous Client Socket Example", "Synchronous Client Socket Example\Synchronous Client Socket Example.csproj", "{393E91BF-D026-4432-A12A-9D9B2CA5B285}"
EndProject
Project("{FAE04EC0-301F-11D3-BF4B-00C04F79EFBC}") = "Synchronous Server Socket Example", "Synchronous Server Socket Example\Synchronous Server Socket Example.csproj", "{FA9C7BA3-6CB6-436B-A4D1-4A20F4FBB0D2}"
EndProject
Project("{FAE04EC0-301F-11D3-BF4B-00C04F79EFBC}") = "Asynchronous Client Socket Example", "Asynchronous Client Socket Example\Asynchronous Client Socket Example.csproj", "{D935516E-64BF-4A4F-81A7-BD4DDAF5DF6B}"
EndProject
Project("{FAE04EC0-301F-11D3-BF4B-00C04F79EFBC}") = "Asynchronous Server Socket Example", "Asynchronous Server Socket Example\Asynchronous Server Socket Example.csproj", "{669AA0CB-A1F3-424C-9665-D0BBE72A6DC8}"
EndProject
Global
	GlobalSection(SolutionConfigurationPlatforms) = preSolution
		Debug|Any CPU = Debug|Any CPU
		Release|Any CPU = Release|Any CPU
	EndGlobalSection
	GlobalSection(ProjectConfigurationPlatforms) = postSolution
		{31BF4457-C49C-428B-8E4B-A93958549FEB}.Debug|Any CPU.ActiveCfg = Debug|Any CPU
		{31BF4457-C49C-428B-8E4B-A93958549FEB}.Debug|Any CPU.Build.0 = Debug|Any CPU
		{31BF4457-C49C-428B-8E4B-A93958549FEB}.Release|Any CPU.ActiveCfg = Release|Any CPU
		{31BF4457-C49C-428B-8E4B-A93958549FEB}.Release|Any CPU.Build.0 = Release|Any CPU
		{E7E950A4-B58D-4B86-B073-B6F760BA33D3}.Debug|Any CPU.ActiveCfg = Debug|Any CPU
		{E7E950A4-B58D-4B86-B073-B6F760BA33D3}.Debug|Any CPU.Build.0 = Debug|Any CPU
		{E7E950A4-B58D-4B86-B073-B6F760BA33D3}.Release|Any CPU.ActiveCfg = Release|Any CPU
		{E7E950A4-B58D-4B86-B073-B6F760BA33D3}.Release|Any CPU.Build.0 = Release|Any CPU
		{697F8CD6-F2A2-4A1B-A087-916A03C383EC}.Debug|Any CPU.ActiveCfg = Debug|Any CPU
		{697F8CD6-F2A2-4A1B-A087-916A03C383EC}.Debug|Any CPU.Build.0 = Debug|Any CPU
		{697F8CD6-F2A2-4A1B-A087-916A03C383EC}.Release|Any CPU.ActiveCfg = Release|Any CPU
		{697F8CD6-F2A2-4A1B-A087-916A03C383EC}.Release|Any CPU.Build.0 = Release|Any CPU
		{393E91BF-D026-4432-A12A-9D9B2CA5B285}.Debug|Any CPU.ActiveCfg = Debug|Any CPU
		{393E91BF-D026-4432-A12A-9D9B2CA5B285}.Debug|Any CPU.Build.0 = Debug|Any CPU
		{393E91BF-D026-4432-A12A-9D9B2CA5B285}.Release|Any CPU.ActiveCfg = Release|Any CPU
		{393E91BF-D026-4432-A12A-9D9B2CA5B285}.Release|Any CPU.Build.0 = Release|Any CPU
		{FA9C7BA3-6CB6-436B-A4D1-4A20F4FBB0D2}.Debug|Any CPU.ActiveCfg = Debug|Any CPU
		{FA9C7BA3-6CB6-436B-A4D1-4A20F4FBB0D2}.Debug|Any CPU.Build.0 = Debug|Any CPU
		{FA9C7BA3-6CB6-436B-A4D1-4A20F4FBB0D2}.Release|Any CPU.ActiveCfg = Release|Any CPU
		{FA9C7BA3-6CB6-436B-A4D1-4A20F4FBB0D2}.Release|Any CPU.Build.0 = Release|Any CPU
		{D935516E-64BF-4A4F-81A7-BD4DDAF5DF6B}.Debug|Any CPU.ActiveCfg = Debug|Any CPU
		{D935516E-64BF-4A4F-81A7-BD4DDAF5DF6B}.Debug|Any CPU.Build.0 = Debug|Any CPU
		{D935516E-64BF-4A4F-81A7-BD4DDAF5DF6B}.Release|Any CPU.ActiveCfg = Release|Any CPU
		{D935516E-64BF-4A4F-81A7-BD4DDAF5DF6B}.Release|Any CPU.Build.0 = Release|Any CPU
		{669AA0CB-A1F3-424C-9665-D0BBE72A6DC8}.Debug|Any CPU.ActiveCfg = Debug|Any CPU
		{669AA0CB-A1F3-424C-9665-D0BBE72A6DC8}.Debug|Any CPU.Build.0 = Debug|Any CPU
		{669AA0CB-A1F3-424C-9665-D0BBE72A6DC8}.Release|Any CPU.ActiveCfg = Release|Any CPU
		{669AA0CB-A1F3-424C-9665-D0BBE72A6DC8}.Release|Any CPU.Build.0 = Release|Any CPU
	EndGlobalSection
	GlobalSection(SolutionProperties) = preSolution
		HideSolutionNode = FALSE
	EndGlobalSection
EndGlobal
